// !$*UTF8*$!
{
	archiveVersion = 1;
	classes = {
	};
	objectVersion = 46;
	objects = {

/* Begin PBXBuildFile section */
		2B3C21E51A0F3B3C0070659C /* WechatVC.swift in Sources */ = {isa = PBXBuildFile; fileRef = 2B3C21E41A0F3B3C0070659C /* WechatVC.swift */; };
		2B3C21E71A0F3C850070659C /* ContactsTbvVC.swift in Sources */ = {isa = PBXBuildFile; fileRef = 2B3C21E61A0F3C850070659C /* ContactsTbvVC.swift */; };
		2B600D051A0A601500102D5F /* ExtsUIColor.swift in Sources */ = {isa = PBXBuildFile; fileRef = 2B600D041A0A601500102D5F /* ExtsUIColor.swift */; };
		2B600D441A0A814200102D5F /* ViewController.swift in Sources */ = {isa = PBXBuildFile; fileRef = 2B600D431A0A814200102D5F /* ViewController.swift */; };
		2B677FA11A06213D00B406CB /* head@2x.png in Resources */ = {isa = PBXBuildFile; fileRef = 2B677FA01A06213D00B406CB /* head@2x.png */; };
		2B677FA31A06275C00B406CB /* login_act_icon@2x.png in Resources */ = {isa = PBXBuildFile; fileRef = 2B677FA21A06275C00B406CB /* login_act_icon@2x.png */; };
		2B7EDDD41A09095C003B0B8C /* WCAlertView.swift in Sources */ = {isa = PBXBuildFile; fileRef = 2B7EDDD31A09095C003B0B8C /* WCAlertView.swift */; };
		2B7EDDD91A0912C2003B0B8C /* ExtsUIImage.swift in Sources */ = {isa = PBXBuildFile; fileRef = 2B7EDDD81A0912C2003B0B8C /* ExtsUIImage.swift */; };
		2BB449EE1A0CB64A00B932D3 /* FindVC.swift in Sources */ = {isa = PBXBuildFile; fileRef = 2BB449ED1A0CB64A00B932D3 /* FindVC.swift */; };
		2BB449F01A0CB65800B932D3 /* MineVC.swift in Sources */ = {isa = PBXBuildFile; fileRef = 2BB449EF1A0CB65800B932D3 /* MineVC.swift */; };
		2BB449F21A0CC3C800B932D3 /* RegisterVC.swift in Sources */ = {isa = PBXBuildFile; fileRef = 2BB449F11A0CC3C800B932D3 /* RegisterVC.swift */; };
		2BB449F41A0CE21500B932D3 /* LoginPhoneVC.swift in Sources */ = {isa = PBXBuildFile; fileRef = 2BB449F31A0CE21500B932D3 /* LoginPhoneVC.swift */; };
		2BB449F61A0CE31700B932D3 /* LoginOtherVC.swift in Sources */ = {isa = PBXBuildFile; fileRef = 2BB449F51A0CE31700B932D3 /* LoginOtherVC.swift */; };
		2BB449F81A0CE43200B932D3 /* ProfileVC.swift in Sources */ = {isa = PBXBuildFile; fileRef = 2BB449F71A0CE43200B932D3 /* ProfileVC.swift */; };
		31EE47661A03942C0025FA34 /* AppDelegate.swift in Sources */ = {isa = PBXBuildFile; fileRef = 31EE47651A03942C0025FA34 /* AppDelegate.swift */; };
		31EE476B1A03942C0025FA34 /* Main.storyboard in Resources */ = {isa = PBXBuildFile; fileRef = 31EE47691A03942C0025FA34 /* Main.storyboard */; };
		31EE476D1A03942C0025FA34 /* Images.xcassets in Resources */ = {isa = PBXBuildFile; fileRef = 31EE476C1A03942C0025FA34 /* Images.xcassets */; };
		31EE47701A03942C0025FA34 /* LaunchScreen.xib in Resources */ = {isa = PBXBuildFile; fileRef = 31EE476E1A03942C0025FA34 /* LaunchScreen.xib */; };
		31EE477C1A03942C0025FA34 /* OurWeChatTests.swift in Sources */ = {isa = PBXBuildFile; fileRef = 31EE477B1A03942C0025FA34 /* OurWeChatTests.swift */; };
/* End PBXBuildFile section */

/* Begin PBXContainerItemProxy section */
		31EE47761A03942C0025FA34 /* PBXContainerItemProxy */ = {
			isa = PBXContainerItemProxy;
			containerPortal = 31EE47581A03942C0025FA34 /* Project object */;
			proxyType = 1;
			remoteGlobalIDString = 31EE475F1A03942C0025FA34;
			remoteInfo = OurWeChat;
		};
/* End PBXContainerItemProxy section */

/* Begin PBXFileReference section */
		2B3C21E41A0F3B3C0070659C /* WechatVC.swift */ = {isa = PBXFileReference; fileEncoding = 4; lastKnownFileType = sourcecode.swift; path = WechatVC.swift; sourceTree = "<group>"; };
		2B3C21E61A0F3C850070659C /* ContactsTbvVC.swift */ = {isa = PBXFileReference; fileEncoding = 4; lastKnownFileType = sourcecode.swift; path = ContactsTbvVC.swift; sourceTree = "<group>"; };
		2B600D041A0A601500102D5F /* ExtsUIColor.swift */ = {isa = PBXFileReference; fileEncoding = 4; lastKnownFileType = sourcecode.swift; path = ExtsUIColor.swift; sourceTree = "<group>"; };
		2B600D431A0A814200102D5F /* ViewController.swift */ = {isa = PBXFileReference; fileEncoding = 4; lastKnownFileType = sourcecode.swift; path = ViewController.swift; sourceTree = "<group>"; };
		2B677FA01A06213D00B406CB /* head@2x.png */ = {isa = PBXFileReference; lastKnownFileType = image.png; path = "head@2x.png"; sourceTree = "<group>"; };
		2B677FA21A06275C00B406CB /* login_act_icon@2x.png */ = {isa = PBXFileReference; lastKnownFileType = image.png; path = "login_act_icon@2x.png"; sourceTree = "<group>"; };
		2B7EDDD31A09095C003B0B8C /* WCAlertView.swift */ = {isa = PBXFileReference; fileEncoding = 4; lastKnownFileType = sourcecode.swift; path = WCAlertView.swift; sourceTree = "<group>"; };
		2B7EDDD81A0912C2003B0B8C /* ExtsUIImage.swift */ = {isa = PBXFileReference; fileEncoding = 4; lastKnownFileType = sourcecode.swift; path = ExtsUIImage.swift; sourceTree = "<group>"; };
		2BB449ED1A0CB64A00B932D3 /* FindVC.swift */ = {isa = PBXFileReference; fileEncoding = 4; lastKnownFileType = sourcecode.swift; path = FindVC.swift; sourceTree = "<group>"; };
		2BB449EF1A0CB65800B932D3 /* MineVC.swift */ = {isa = PBXFileReference; fileEncoding = 4; lastKnownFileType = sourcecode.swift; path = MineVC.swift; sourceTree = "<group>"; };
		2BB449F11A0CC3C800B932D3 /* RegisterVC.swift */ = {isa = PBXFileReference; fileEncoding = 4; lastKnownFileType = sourcecode.swift; path = RegisterVC.swift; sourceTree = "<group>"; };
		2BB449F31A0CE21500B932D3 /* LoginPhoneVC.swift */ = {isa = PBXFileReference; fileEncoding = 4; lastKnownFileType = sourcecode.swift; path = LoginPhoneVC.swift; sourceTree = "<group>"; };
		2BB449F51A0CE31700B932D3 /* LoginOtherVC.swift */ = {isa = PBXFileReference; fileEncoding = 4; lastKnownFileType = sourcecode.swift; path = LoginOtherVC.swift; sourceTree = "<group>"; };
		2BB449F71A0CE43200B932D3 /* ProfileVC.swift */ = {isa = PBXFileReference; fileEncoding = 4; lastKnownFileType = sourcecode.swift; path = ProfileVC.swift; sourceTree = "<group>"; };
		31EE47601A03942C0025FA34 /* OurWeChat.app */ = {isa = PBXFileReference; explicitFileType = wrapper.application; includeInIndex = 0; path = OurWeChat.app; sourceTree = BUILT_PRODUCTS_DIR; };
		31EE47641A03942C0025FA34 /* Info.plist */ = {isa = PBXFileReference; lastKnownFileType = text.plist.xml; path = Info.plist; sourceTree = "<group>"; };
		31EE47651A03942C0025FA34 /* AppDelegate.swift */ = {isa = PBXFileReference; lastKnownFileType = sourcecode.swift; path = AppDelegate.swift; sourceTree = "<group>"; };
		31EE476A1A03942C0025FA34 /* Base */ = {isa = PBXFileReference; lastKnownFileType = file.storyboard; name = Base; path = Base.lproj/Main.storyboard; sourceTree = "<group>"; };
		31EE476C1A03942C0025FA34 /* Images.xcassets */ = {isa = PBXFileReference; lastKnownFileType = folder.assetcatalog; path = Images.xcassets; sourceTree = "<group>"; };
		31EE476F1A03942C0025FA34 /* Base */ = {isa = PBXFileReference; lastKnownFileType = file.xib; name = Base; path = Base.lproj/LaunchScreen.xib; sourceTree = "<group>"; };
		31EE47751A03942C0025FA34 /* OurWeChatTests.xctest */ = {isa = PBXFileReference; explicitFileType = wrapper.cfbundle; includeInIndex = 0; path = OurWeChatTests.xctest; sourceTree = BUILT_PRODUCTS_DIR; };
		31EE477A1A03942C0025FA34 /* Info.plist */ = {isa = PBXFileReference; lastKnownFileType = text.plist.xml; path = Info.plist; sourceTree = "<group>"; };
		31EE477B1A03942C0025FA34 /* OurWeChatTests.swift */ = {isa = PBXFileReference; lastKnownFileType = sourcecode.swift; path = OurWeChatTests.swift; sourceTree = "<group>"; };
/* End PBXFileReference section */

/* Begin PBXFrameworksBuildPhase section */
		31EE475D1A03942C0025FA34 /* Frameworks */ = {
			isa = PBXFrameworksBuildPhase;
			buildActionMask = 2147483647;
			files = (
			);
			runOnlyForDeploymentPostprocessing = 0;
		};
		31EE47721A03942C0025FA34 /* Frameworks */ = {
			isa = PBXFrameworksBuildPhase;
			buildActionMask = 2147483647;
			files = (
			);
			runOnlyForDeploymentPostprocessing = 0;
		};
/* End PBXFrameworksBuildPhase section */

/* Begin PBXGroup section */
		2B600D0A1A0A77DD00102D5F /* Controller */ = {
			isa = PBXGroup;
			children = (
				2B600D431A0A814200102D5F /* ViewController.swift */,
				2B3C21E41A0F3B3C0070659C /* WechatVC.swift */,
				2B3C21E61A0F3C850070659C /* ContactsTbvVC.swift */,
				2BB449ED1A0CB64A00B932D3 /* FindVC.swift */,
				2BB449EF1A0CB65800B932D3 /* MineVC.swift */,
				2BB449F11A0CC3C800B932D3 /* RegisterVC.swift */,
				2BB449F31A0CE21500B932D3 /* LoginPhoneVC.swift */,
				2BB449F51A0CE31700B932D3 /* LoginOtherVC.swift */,
				2BB449F71A0CE43200B932D3 /* ProfileVC.swift */,
			);
			path = Controller;
			sourceTree = "<group>";
		};
		2B677F9D1A0620D300B406CB /* Resource */ = {
			isa = PBXGroup;
			children = (
				2B677FA21A06275C00B406CB /* login_act_icon@2x.png */,
				2B677FA01A06213D00B406CB /* head@2x.png */,
			);
			path = Resource;
			sourceTree = "<group>";
		};
		2B7EDDD01A090884003B0B8C /* Model */ = {
			isa = PBXGroup;
			children = (
			);
			path = Model;
			sourceTree = "<group>";
		};
		2B7EDDD11A090884003B0B8C /* View */ = {
			isa = PBXGroup;
			children = (
				2B7EDDD21A0908B0003B0B8C /* Public */,
			);
			path = View;
			sourceTree = "<group>";
		};
		2B7EDDD21A0908B0003B0B8C /* Public */ = {
			isa = PBXGroup;
			children = (
				2B7EDDD31A09095C003B0B8C /* WCAlertView.swift */,
			);
			path = Public;
			sourceTree = "<group>";
		};
		2B7EDDD51A091283003B0B8C /* Public */ = {
			isa = PBXGroup;
			children = (
				2B7EDDD61A091283003B0B8C /* Extension */,
				2B7EDDD71A091283003B0B8C /* Macro */,
			);
			path = Public;
			sourceTree = "<group>";
		};
		2B7EDDD61A091283003B0B8C /* Extension */ = {
			isa = PBXGroup;
			children = (
				2B7EDDD81A0912C2003B0B8C /* ExtsUIImage.swift */,
				2B600D041A0A601500102D5F /* ExtsUIColor.swift */,
			);
			path = Extension;
			sourceTree = "<group>";
		};
		2B7EDDD71A091283003B0B8C /* Macro */ = {
			isa = PBXGroup;
			children = (
			);
			path = Macro;
			sourceTree = "<group>";
		};
		31EE47571A03942C0025FA34 = {
			isa = PBXGroup;
			children = (
				31EE47621A03942C0025FA34 /* OurWeChat */,
				31EE47781A03942C0025FA34 /* OurWeChatTests */,
				31EE47611A03942C0025FA34 /* Products */,
			);
			sourceTree = "<group>";
		};
		31EE47611A03942C0025FA34 /* Products */ = {
			isa = PBXGroup;
			children = (
				31EE47601A03942C0025FA34 /* OurWeChat.app */,
				31EE47751A03942C0025FA34 /* OurWeChatTests.xctest */,
			);
			name = Products;
			sourceTree = "<group>";
		};
		31EE47621A03942C0025FA34 /* OurWeChat */ = {
			isa = PBXGroup;
			children = (
				31EE47651A03942C0025FA34 /* AppDelegate.swift */,
				31EE47691A03942C0025FA34 /* Main.storyboard */,
				2B600D0A1A0A77DD00102D5F /* Controller */,
				2B7EDDD11A090884003B0B8C /* View */,
				2B7EDDD01A090884003B0B8C /* Model */,
				2B7EDDD51A091283003B0B8C /* Public */,
				2B677F9D1A0620D300B406CB /* Resource */,
				31EE47631A03942C0025FA34 /* Supporting Files */,
				31EE476C1A03942C0025FA34 /* Images.xcassets */,
				31EE476E1A03942C0025FA34 /* LaunchScreen.xib */,
			);
			path = OurWeChat;
			sourceTree = "<group>";
		};
		31EE47631A03942C0025FA34 /* Supporting Files */ = {
			isa = PBXGroup;
			children = (
				31EE47641A03942C0025FA34 /* Info.plist */,
			);
			name = "Supporting Files";
			sourceTree = "<group>";
		};
		31EE47781A03942C0025FA34 /* OurWeChatTests */ = {
			isa = PBXGroup;
			children = (
				31EE477B1A03942C0025FA34 /* OurWeChatTests.swift */,
				31EE47791A03942C0025FA34 /* Supporting Files */,
			);
			path = OurWeChatTests;
			sourceTree = "<group>";
		};
		31EE47791A03942C0025FA34 /* Supporting Files */ = {
			isa = PBXGroup;
			children = (
				31EE477A1A03942C0025FA34 /* Info.plist */,
			);
			name = "Supporting Files";
			sourceTree = "<group>";
		};
/* End PBXGroup section */

/* Begin PBXNativeTarget section */
		31EE475F1A03942C0025FA34 /* OurWeChat */ = {
			isa = PBXNativeTarget;
			buildConfigurationList = 31EE477F1A03942C0025FA34 /* Build configuration list for PBXNativeTarget "OurWeChat" */;
			buildPhases = (
				31EE475C1A03942C0025FA34 /* Sources */,
				31EE475D1A03942C0025FA34 /* Frameworks */,
				31EE475E1A03942C0025FA34 /* Resources */,
			);
			buildRules = (
			);
			dependencies = (
			);
			name = OurWeChat;
			productName = OurWeChat;
			productReference = 31EE47601A03942C0025FA34 /* OurWeChat.app */;
			productType = "com.apple.product-type.application";
		};
		31EE47741A03942C0025FA34 /* OurWeChatTests */ = {
			isa = PBXNativeTarget;
			buildConfigurationList = 31EE47821A03942C0025FA34 /* Build configuration list for PBXNativeTarget "OurWeChatTests" */;
			buildPhases = (
				31EE47711A03942C0025FA34 /* Sources */,
				31EE47721A03942C0025FA34 /* Frameworks */,
				31EE47731A03942C0025FA34 /* Resources */,
			);
			buildRules = (
			);
			dependencies = (
				31EE47771A03942C0025FA34 /* PBXTargetDependency */,
			);
			name = OurWeChatTests;
			productName = OurWeChatTests;
			productReference = 31EE47751A03942C0025FA34 /* OurWeChatTests.xctest */;
			productType = "com.apple.product-type.bundle.unit-test";
		};
/* End PBXNativeTarget section */

/* Begin PBXProject section */
		31EE47581A03942C0025FA34 /* Project object */ = {
			isa = PBXProject;
			attributes = {
				LastUpgradeCheck = 0610;
				ORGANIZATIONNAME = renhe;
				TargetAttributes = {
					31EE475F1A03942C0025FA34 = {
						CreatedOnToolsVersion = 6.1;
					};
					31EE47741A03942C0025FA34 = {
						CreatedOnToolsVersion = 6.1;
						TestTargetID = 31EE475F1A03942C0025FA34;
					};
				};
			};
			buildConfigurationList = 31EE475B1A03942C0025FA34 /* Build configuration list for PBXProject "OurWeChat" */;
			compatibilityVersion = "Xcode 3.2";
			developmentRegion = English;
			hasScannedForEncodings = 0;
			knownRegions = (
				en,
				Base,
			);
			mainGroup = 31EE47571A03942C0025FA34;
			productRefGroup = 31EE47611A03942C0025FA34 /* Products */;
			projectDirPath = "";
			projectRoot = "";
			targets = (
				31EE475F1A03942C0025FA34 /* OurWeChat */,
				31EE47741A03942C0025FA34 /* OurWeChatTests */,
			);
		};
/* End PBXProject section */

/* Begin PBXResourcesBuildPhase section */
		31EE475E1A03942C0025FA34 /* Resources */ = {
			isa = PBXResourcesBuildPhase;
			buildActionMask = 2147483647;
			files = (
				31EE476B1A03942C0025FA34 /* Main.storyboard in Resources */,
				31EE47701A03942C0025FA34 /* LaunchScreen.xib in Resources */,
				2B677FA11A06213D00B406CB /* head@2x.png in Resources */,
				2B677FA31A06275C00B406CB /* login_act_icon@2x.png in Resources */,
				31EE476D1A03942C0025FA34 /* Images.xcassets in Resources */,
			);
			runOnlyForDeploymentPostprocessing = 0;
		};
		31EE47731A03942C0025FA34 /* Resources */ = {
			isa = PBXResourcesBuildPhase;
			buildActionMask = 2147483647;
			files = (
			);
			runOnlyForDeploymentPostprocessing = 0;
		};
/* End PBXResourcesBuildPhase section */

/* Begin PBXSourcesBuildPhase section */
		31EE475C1A03942C0025FA34 /* Sources */ = {
			isa = PBXSourcesBuildPhase;
			buildActionMask = 2147483647;
			files = (
				2B600D441A0A814200102D5F /* ViewController.swift in Sources */,
				2BB449EE1A0CB64A00B932D3 /* FindVC.swift in Sources */,
				2B600D051A0A601500102D5F /* ExtsUIColor.swift in Sources */,
				2BB449F01A0CB65800B932D3 /* MineVC.swift in Sources */,
				2BB449F61A0CE31700B932D3 /* LoginOtherVC.swift in Sources */,
				2B3C21E71A0F3C850070659C /* ContactsTbvVC.swift in Sources */,
				2B7EDDD91A0912C2003B0B8C /* ExtsUIImage.swift in Sources */,
				2B7EDDD41A09095C003B0B8C /* WCAlertView.swift in Sources */,
				2BB449F81A0CE43200B932D3 /* ProfileVC.swift in Sources */,
				2B3C21E51A0F3B3C0070659C /* WechatVC.swift in Sources */,
				2BB449F41A0CE21500B932D3 /* LoginPhoneVC.swift in Sources */,
				31EE47661A03942C0025FA34 /* AppDelegate.swift in Sources */,
				2BB449F21A0CC3C800B932D3 /* RegisterVC.swift in Sources */,
			);
			runOnlyForDeploymentPostprocessing = 0;
		};
		31EE47711A03942C0025FA34 /* Sources */ = {
			isa = PBXSourcesBuildPhase;
			buildActionMask = 2147483647;
			files = (
				31EE477C1A03942C0025FA34 /* OurWeChatTests.swift in Sources */,
			);
			runOnlyForDeploymentPostprocessing = 0;
		};
/* End PBXSourcesBuildPhase section */

/* Begin PBXTargetDependency section */
		31EE47771A03942C0025FA34 /* PBXTargetDependency */ = {
			isa = PBXTargetDependency;
			target = 31EE475F1A03942C0025FA34 /* OurWeChat */;
			targetProxy = 31EE47761A03942C0025FA34 /* PBXContainerItemProxy */;
		};
/* End PBXTargetDependency section */

/* Begin PBXVariantGroup section */
		31EE47691A03942C0025FA34 /* Main.storyboard */ = {
			isa = PBXVariantGroup;
			children = (
				31EE476A1A03942C0025FA34 /* Base */,
			);
			name = Main.storyboard;
			sourceTree = "<group>";
		};
		31EE476E1A03942C0025FA34 /* LaunchScreen.xib */ = {
			isa = PBXVariantGroup;
			children = (
				31EE476F1A03942C0025FA34 /* Base */,
			);
			name = LaunchScreen.xib;
			sourceTree = "<group>";
		};
/* End PBXVariantGroup section */

/* Begin XCBuildConfiguration section */
		31EE477D1A03942C0025FA34 /* Debug */ = {
			isa = XCBuildConfiguration;
			buildSettings = {
				ALWAYS_SEARCH_USER_PATHS = NO;
				CLANG_CXX_LANGUAGE_STANDARD = "gnu++0x";
				CLANG_CXX_LIBRARY = "libc++";
				CLANG_ENABLE_MODULES = YES;
				CLANG_ENABLE_OBJC_ARC = YES;
				CLANG_WARN_BOOL_CONVERSION = YES;
				CLANG_WARN_CONSTANT_CONVERSION = YES;
				CLANG_WARN_DIRECT_OBJC_ISA_USAGE = YES_ERROR;
				CLANG_WARN_EMPTY_BODY = YES;
				CLANG_WARN_ENUM_CONVERSION = YES;
				CLANG_WARN_INT_CONVERSION = YES;
				CLANG_WARN_OBJC_ROOT_CLASS = YES_ERROR;
				CLANG_WARN_UNREACHABLE_CODE = YES;
				CLANG_WARN__DUPLICATE_METHOD_MATCH = YES;
				"CODE_SIGN_IDENTITY[sdk=iphoneos*]" = "iPhone Developer";
				COPY_PHASE_STRIP = NO;
				ENABLE_STRICT_OBJC_MSGSEND = YES;
				GCC_C_LANGUAGE_STANDARD = gnu99;
				GCC_DYNAMIC_NO_PIC = NO;
				GCC_OPTIMIZATION_LEVEL = 0;
				GCC_PREPROCESSOR_DEFINITIONS = (
					"DEBUG=1",
					"$(inherited)",
				);
				GCC_SYMBOLS_PRIVATE_EXTERN = NO;
				GCC_WARN_64_TO_32_BIT_CONVERSION = YES;
				GCC_WARN_ABOUT_RETURN_TYPE = YES_ERROR;
				GCC_WARN_UNDECLARED_SELECTOR = YES;
				GCC_WARN_UNINITIALIZED_AUTOS = YES_AGGRESSIVE;
				GCC_WARN_UNUSED_FUNCTION = YES;
				GCC_WARN_UNUSED_VARIABLE = YES;
				IPHONEOS_DEPLOYMENT_TARGET = 8.1;
				MTL_ENABLE_DEBUG_INFO = YES;
				ONLY_ACTIVE_ARCH = YES;
				SDKROOT = iphoneos;
				SWIFT_OPTIMIZATION_LEVEL = "-Onone";
			};
			name = Debug;
		};
		31EE477E1A03942C0025FA34 /* Release */ = {
			isa = XCBuildConfiguration;
			buildSettings = {
				ALWAYS_SEARCH_USER_PATHS = NO;
				CLANG_CXX_LANGUAGE_STANDARD = "gnu++0x";
				CLANG_CXX_LIBRARY = "libc++";
				CLANG_ENABLE_MODULES = YES;
				CLANG_ENABLE_OBJC_ARC = YES;
				CLANG_WARN_BOOL_CONVERSION = YES;
				CLANG_WARN_CONSTANT_CONVERSION = YES;
				CLANG_WARN_DIRECT_OBJC_ISA_USAGE = YES_ERROR;
				CLANG_WARN_EMPTY_BODY = YES;
				CLANG_WARN_ENUM_CONVERSION = YES;
				CLANG_WARN_INT_CONVERSION = YES;
				CLANG_WARN_OBJC_ROOT_CLASS = YES_ERROR;
				CLANG_WARN_UNREACHABLE_CODE = YES;
				CLANG_WARN__DUPLICATE_METHOD_MATCH = YES;
				"CODE_SIGN_IDENTITY[sdk=iphoneos*]" = "iPhone Developer";
				COPY_PHASE_STRIP = YES;
				ENABLE_NS_ASSERTIONS = NO;
				ENABLE_STRICT_OBJC_MSGSEND = YES;
				GCC_C_LANGUAGE_STANDARD = gnu99;
				GCC_WARN_64_TO_32_BIT_CONVERSION = YES;
				GCC_WARN_ABOUT_RETURN_TYPE = YES_ERROR;
				GCC_WARN_UNDECLARED_SELECTOR = YES;
				GCC_WARN_UNINITIALIZED_AUTOS = YES_AGGRESSIVE;
				GCC_WARN_UNUSED_FUNCTION = YES;
				GCC_WARN_UNUSED_VARIABLE = YES;
				IPHONEOS_DEPLOYMENT_TARGET = 8.1;
				MTL_ENABLE_DEBUG_INFO = NO;
				SDKROOT = iphoneos;
				VALIDATE_PRODUCT = YES;
			};
			name = Release;
		};
		31EE47801A03942C0025FA34 /* Debug */ = {
			isa = XCBuildConfiguration;
			buildSettings = {
				ASSETCATALOG_COMPILER_APPICON_NAME = AppIcon;
				ASSETCATALOG_COMPILER_LAUNCHIMAGE_NAME = LaunchImage;
				CLANG_ENABLE_MODULES = YES;
				INFOPLIST_FILE = OurWeChat/Info.plist;
				IPHONEOS_DEPLOYMENT_TARGET = 7.0;
				LD_RUNPATH_SEARCH_PATHS = "$(inherited) @executable_path/Frameworks";
				PRODUCT_NAME = "$(TARGET_NAME)";
				SWIFT_OBJC_BRIDGING_HEADER = "";
				SWIFT_OPTIMIZATION_LEVEL = "-Onone";
			};
			name = Debug;
		};
		31EE47811A03942C0025FA34 /* Release */ = {
			isa = XCBuildConfiguration;
			buildSettings = {
				ASSETCATALOG_COMPILER_APPICON_NAME = AppIcon;
				ASSETCATALOG_COMPILER_LAUNCHIMAGE_NAME = LaunchImage;
				CLANG_ENABLE_MODULES = YES;
				INFOPLIST_FILE = OurWeChat/Info.plist;
				IPHONEOS_DEPLOYMENT_TARGET = 7.0;
				LD_RUNPATH_SEARCH_PATHS = "$(inherited) @executable_path/Frameworks";
				PRODUCT_NAME = "$(TARGET_NAME)";
				SWIFT_OBJC_BRIDGING_HEADER = "";
			};
			name = Release;
		};
		31EE47831A03942C0025FA34 /* Debug */ = {
			isa = XCBuildConfiguration;
			buildSettings = {
				BUNDLE_LOADER = "$(TEST_HOST)";
				FRAMEWORK_SEARCH_PATHS = (
					"$(SDKROOT)/Developer/Library/Frameworks",
					"$(inherited)",
				);
				GCC_PREPROCESSOR_DEFINITIONS = (
					"DEBUG=1",
					"$(inherited)",
				);
				INFOPLIST_FILE = OurWeChatTests/Info.plist;
				LD_RUNPATH_SEARCH_PATHS = "$(inherited) @executable_path/Frameworks @loader_path/Frameworks";
				PRODUCT_NAME = "$(TARGET_NAME)";
				TEST_HOST = "$(BUILT_PRODUCTS_DIR)/OurWeChat.app/OurWeChat";
			};
			name = Debug;
		};
		31EE47841A03942C0025FA34 /* Release */ = {
			isa = XCBuildConfiguration;
			buildSettings = {
				BUNDLE_LOADER = "$(TEST_HOST)";
				FRAMEWORK_SEARCH_PATHS = (
					"$(SDKROOT)/Developer/Library/Frameworks",
					"$(inherited)",
				);
				INFOPLIST_FILE = OurWeChatTests/Info.plist;
				LD_RUNPATH_SEARCH_PATHS = "$(inherited) @executable_path/Frameworks @loader_path/Frameworks";
				PRODUCT_NAME = "$(TARGET_NAME)";
				TEST_HOST = "$(BUILT_PRODUCTS_DIR)/OurWeChat.app/OurWeChat";
			};
			name = Release;
		};
/* End XCBuildConfiguration section */

/* Begin XCConfigurationList section */
		31EE475B1A03942C0025FA34 /* Build configuration list for PBXProject "OurWeChat" */ = {
			isa = XCConfigurationList;
			buildConfigurations = (
				31EE477D1A03942C0025FA34 /* Debug */,
				31EE477E1A03942C0025FA34 /* Release */,
			);
			defaultConfigurationIsVisible = 0;
			defaultConfigurationName = Release;
		};
		31EE477F1A03942C0025FA34 /* Build configuration list for PBXNativeTarget "OurWeChat" */ = {
			isa = XCConfigurationList;
			buildConfigurations = (
				31EE47801A03942C0025FA34 /* Debug */,
				31EE47811A03942C0025FA34 /* Release */,
			);
			defaultConfigurationIsVisible = 0;
			defaultConfigurationName = Release;
		};
		31EE47821A03942C0025FA34 /* Build configuration list for PBXNativeTarget "OurWeChatTests" */ = {
			isa = XCConfigurationList;
			buildConfigurations = (
				31EE47831A03942C0025FA34 /* Debug */,
				31EE47841A03942C0025FA34 /* Release */,
			);
			defaultConfigurationIsVisible = 0;
			defaultConfigurationName = Release;
		};
/* End XCConfigurationList section */
	};
	rootObject = 31EE47581A03942C0025FA34 /* Project object */;
}
